<?xml version="1.0" encoding="utf-8"?>
<Project ToolsVersion="4.0" xmlns="http://schemas.microsoft.com/developer/msbuild/2003">
  <ItemGroup>
    <Filter Include="Source Files">
      <UniqueIdentifier>{4FC737F1-C7A5-4376-A066-2A32D752A2FF}</UniqueIdentifier>
      <Extensions>cpp;c;cc;cxx;def;odl;idl;hpj;bat;asm;asmx</Extensions>
    </Filter>
    <Filter Include="Header Files">
      <UniqueIdentifier>{93995380-89BD-4b04-88EB-625FBE52EBFB}</UniqueIdentifier>
      <Extensions>h;hh;hpp;hxx;hm;inl;inc;xsd</Extensions>
    </Filter>
    <Filter Include="Resource Files">
      <UniqueIdentifier>{67DA6AB6-F800-4c08-8B7A-83BB121AAD01}</UniqueIdentifier>
      <Extensions>rc;ico;cur;bmp;dlg;rc2;rct;bin;rgs;gif;jpg;jpeg;jpe;resx;tiff;tif;png;wav;mfcribbon-ms</Extensions>
    </Filter>
    <Filter Include="Source Files\Menus">
      <UniqueIdentifier>{9d9d600f-6415-4fb5-8b87-d2d98dc25eba}</UniqueIdentifier>
    </Filter>
    <Filter Include="Header Files\Menus">
      <UniqueIdentifier>{35516c6d-e721-4756-bd5d-ffa59abae047}</UniqueIdentifier>
    </Filter>
    <Filter Include="Header Files\Game">
      <UniqueIdentifier>{ff3a8a30-3dfb-441f-9e15-0263e3218c01}</UniqueIdentifier>
    </Filter>
    <Filter Include="Source Files\Game">
      <UniqueIdentifier>{27671250-27f6-4939-9e7e-e647815feaad}</UniqueIdentifier>
    </Filter>
    <Filter Include="Source Files\Utility">
      <UniqueIdentifier>{2dcbb49e-f2cd-453c-bcbf-e7e6c27ce618}</UniqueIdentifier>
    </Filter>
    <Filter Include="Source Files\FileLoading/Management">
      <UniqueIdentifier>{14f7d62b-e3a4-44fd-8847-81936c754e20}</UniqueIdentifier>
    </Filter>
    <Filter Include="Header Files\FileLoading/Management">
      <UniqueIdentifier>{43120ddf-f343-4454-8a48-85c4d26327bf}</UniqueIdentifier>
    </Filter>
    <Filter Include="Header Files\Utility">
      <UniqueIdentifier>{0cf8ea00-8a8e-4797-b11a-1a226d5f02f3}</UniqueIdentifier>
    </Filter>
  </ItemGroup>
  <ItemGroup>
    <ClCompile Include="src\main.cpp">
      <Filter>Source Files</Filter>
    </ClCompile>
    <ClCompile Include="src\Menu.cpp">
      <Filter>Source Files\Menus</Filter>
    </ClCompile>
    <ClCompile Include="src\MainMenu.cpp">
      <Filter>Source Files\Menus</Filter>
    </ClCompile>
    <ClCompile Include="src\EndScreen.cpp">
      <Filter>Source Files\Menus</Filter>
    </ClCompile>
    <ClCompile Include="src\Button.cpp">
      <Filter>Source Files\Menus</Filter>
    </ClCompile>
    <ClCompile Include="src\HUD.cpp">
      <Filter>Source Files\Game</Filter>
    </ClCompile>
    <ClCompile Include="src\Game.cpp">
      <Filter>Source Files\Game</Filter>
    </ClCompile>
    <ClCompile Include="src\Model.cpp">
      <Filter>Source Files\FileLoading/Management</Filter>
    </ClCompile>
    <ClCompile Include="src\ModelReader.cpp">
      <Filter>Source Files\FileLoading/Management</Filter>
    </ClCompile>
    <ClCompile Include="src\Robot.cpp">
      <Filter>Source Files\Game</Filter>
    </ClCompile>
    <ClCompile Include="src\Scene.cpp">
      <Filter>Source Files\Game</Filter>
    </ClCompile>
    <ClCompile Include="src\TextureLoader.cpp">
      <Filter>Source Files\FileLoading/Management</Filter>
    </ClCompile>
    <ClCompile Include="src\TextureVault.cpp">
      <Filter>Source Files\FileLoading/Management</Filter>
    </ClCompile>
    <ClCompile Include="libraries\tinyxml\tinyxml2.cpp">
      <Filter>Source Files\Utility</Filter>
    </ClCompile>
    <ClCompile Include="src\stdafx.cpp">
      <Filter>Source Files\Utility</Filter>
    </ClCompile>
  </ItemGroup>
  <ItemGroup>
    <ClInclude Include="include\EndScreen.h">
      <Filter>Header Files\Menus</Filter>
    </ClInclude>
    <ClInclude Include="include\MainMenu.h">
      <Filter>Header Files\Menus</Filter>
    </ClInclude>
    <ClInclude Include="include\Menu.h">
      <Filter>Header Files\Menus</Filter>
    </ClInclude>
    <ClInclude Include="include\Button.h">
      <Filter>Header Files\Menus</Filter>
    </ClInclude>
    <ClInclude Include="include\Game.h">
      <Filter>Header Files\Game</Filter>
    </ClInclude>
    <ClInclude Include="include\HUD.h">
      <Filter>Header Files\Game</Filter>
    </ClInclude>
    <ClInclude Include="include\Robot.h">
      <Filter>Header Files\Game</Filter>
    </ClInclude>
    <ClInclude Include="include\Scene.h">
      <Filter>Header Files\Game</Filter>
    </ClInclude>
    <ClInclude Include="include\TextureLoader.h">
      <Filter>Header Files\FileLoading/Management</Filter>
    </ClInclude>
    <ClInclude Include="include\ModelReader.h">
      <Filter>Header Files\FileLoading/Management</Filter>
    </ClInclude>
    <ClInclude Include="include\Model.h">
      <Filter>Header Files\FileLoading/Management</Filter>
    </ClInclude>
    <ClInclude Include="include\TextureVault.h">
      <Filter>Header Files\FileLoading/Management</Filter>
    </ClInclude>
    <ClInclude Include="libraries\tinyxml\tinyxml2.h">
      <Filter>Header Files\Utility</Filter>
    </ClInclude>
    <ClInclude Include="include\stdafx.h">
      <Filter>Header Files\Utility</Filter>
    </ClInclude>
  </ItemGroup>
  <ItemGroup>
    <Xml Include="assets\scenes\Room.xml">
      <Filter>Resource Files</Filter>
    </Xml>
  </ItemGroup>
</Project>